
Microsoft Visual Studio Solution File, Format Version 12.00
# Visual Studio Version 16
VisualStudioVersion = 16.0.30611.23
MinimumVisualStudioVersion = 10.0.40219.1
Project("{FAE04EC0-301F-11D3-BF4B-00C04F79EFBC}") = "MMO-Lab1", "MMO-Lab1.csproj", "{2BBA67C0-84BB-493B-B8FE-19BB8811DD12}"
EndProject
Global
	GlobalSection(SolutionConfigurationPlatforms) = preSolution
		Debug|Any CPU = Debug|Any CPU
		Release|Any CPU = Release|Any CPU
	EndGlobalSection
	GlobalSection(ProjectConfigurationPlatforms) = postSolution
		{2BBA67C0-84BB-493B-B8FE-19BB8811DD12}.Debug|Any CPU.ActiveCfg = Debug|Any CPU
		{2BBA67C0-84BB-493B-B8FE-19BB8811DD12}.Debug|Any CPU.Build.0 = Debug|Any CPU
		{2BBA67C0-84BB-493B-B8FE-19BB8811DD12}.Release|Any CPU.ActiveCfg = Release|Any CPU
		{2BBA67C0-84BB-493B-B8FE-19BB8811DD12}.Release|Any CPU.Build.0 = Release|Any CPU
	EndGlobalSection
	GlobalSection(SolutionProperties) = preSolution
		HideSolutionNode = FALSE
	EndGlobalSection
	GlobalSection(ExtensibilityGlobals) = postSolution
		SolutionGuid = {7C35A4B3-0B92-4A49-BC60-84D3C12EC725}
	EndGlobalSection
EndGlobal
